// !$*UTF8*$!
{
	archiveVersion = 1;
	classes = {
	};
	objectVersion = 55;
	objects = {

/* Begin PBXBuildFile section */
		6621EB8C2DF7180200381752 /* ContentView.swift in Sources */ = {isa = PBXBuildFile; fileRef = 6621EB8B2DF7180200381752 /* ContentView.swift */; };
		6621EB9B2DF7180500381752 /* StarTrackTests.swift in Sources */ = {isa = PBXBuildFile; fileRef = 6621EB9A2DF7180500381752 /* StarTrackTests.swift */; };
		6621EBA52DF7180500381752 /* StarTrackUITests.swift in Sources */ = {isa = PBXBuildFile; fileRef = 6621EBA42DF7180500381752 /* StarTrackUITests.swift */; };
		6621EBA72DF7180500381752 /* StarTrackUITestsLaunchTests.swift in Sources */ = {isa = PBXBuildFile; fileRef = 6621EBA62DF7180500381752 /* StarTrackUITestsLaunchTests.swift */; };
		6621EBBB2DF71AD000381752 /* ServicePlaceholder.swift in Sources */ = {isa = PBXBuildFile; fileRef = 6621EBBA2DF71AD000381752 /* ServicePlaceholder.swift */; };
		6621EBCB2DF71F0000381752 /* StarTrackApp.swift in Sources */ = {isa = PBXBuildFile; fileRef = 6621EBC92DF71F0000381752 /* StarTrackApp.swift */; };
		6621EBCC2DF71F0000381752 /* Launch Screen.storyboard in Resources */ = {isa = PBXBuildFile; fileRef = 6621EBCA2DF71F0000381752 /* Launch Screen.storyboard */; };
		E609CA652DFB031100A2A5E2 /* WidgetKit.framework in Frameworks */ = {isa = PBXBuildFile; fileRef = E661AC542DF87199000844EC /* WidgetKit.framework */; };
		E609CA662DFB031100A2A5E2 /* SwiftUI.framework in Frameworks */ = {isa = PBXBuildFile; fileRef = E661AC562DF87199000844EC /* SwiftUI.framework */; };
		E609CA6F2DFB031500A2A5E2 /* WidgetExtension.appex in Embed App Extensions */ = {isa = PBXBuildFile; fileRef = E609CA642DFB031100A2A5E2 /* WidgetExtension.appex */; settings = {ATTRIBUTES = (RemoveHeadersOnCopy, ); }; };
		E609CA732DFB08BC00A2A5E2 /* API Manager.swift in Sources */ = {isa = PBXBuildFile; fileRef = E663E87C2DF9A16200927339 /* API Manager.swift */; };
		E609CA742DFB08BE00A2A5E2 /* Constants.swift in Sources */ = {isa = PBXBuildFile; fileRef = E663E87E2DF9A24700927339 /* Constants.swift */; };
		E609CA752DFB08C200A2A5E2 /* url helper.swift in Sources */ = {isa = PBXBuildFile; fileRef = E663E8802DF9A3DE00927339 /* url helper.swift */; };
		E609CA762DFB08C500A2A5E2 /* PhotoInfo.swift in Sources */ = {isa = PBXBuildFile; fileRef = E663E8822DF9ACED00927339 /* PhotoInfo.swift */; };
		E627387B2E16BDD000E99EF5 /* Preview Assets.xcassets in Resources */ = {isa = PBXBuildFile; fileRef = E627387A2E16BDD000E99EF5 /* Preview Assets.xcassets */; };
		E627387D2E16BE3A00E99EF5 /* Assets.xcassets in Resources */ = {isa = PBXBuildFile; fileRef = E627387C2E16BE3A00E99EF5 /* Assets.xcassets */; };
		E65420D22E1400FE00C0B550 /* FuncLib.swift in Sources */ = {isa = PBXBuildFile; fileRef = E65420D12E1400FD00C0B550 /* FuncLib.swift */; };
		E65420DD2E140E9D00C0B550 /* Persistance.swift in Sources */ = {isa = PBXBuildFile; fileRef = E65420DC2E140E9D00C0B550 /* Persistance.swift */; };
		E65420E42E14120800C0B550 /* historical_cosmic_events.json in Resources */ = {isa = PBXBuildFile; fileRef = E65420DF2E14120700C0B550 /* historical_cosmic_events.json */; };
		E65420E62E14120800C0B550 /* events.json in Resources */ = {isa = PBXBuildFile; fileRef = E65420E12E14120800C0B550 /* events.json */; };
		E65420E72E14120800C0B550 /* space_mission.json in Resources */ = {isa = PBXBuildFile; fileRef = E65420E22E14120800C0B550 /* space_mission.json */; };
		E65420E82E14120800C0B550 /* observatory.json in Resources */ = {isa = PBXBuildFile; fileRef = E65420E32E14120800C0B550 /* observatory.json */; };
		E65420EA2E14141A00C0B550 /* celestial_bodies.json in Resources */ = {isa = PBXBuildFile; fileRef = E65420E92E14141A00C0B550 /* celestial_bodies.json */; };
		E66275452DFAF6CC009F0733 /* url helper.swift in Sources */ = {isa = PBXBuildFile; fileRef = E663E8802DF9A3DE00927339 /* url helper.swift */; };
		E66275462DFAF6D1009F0733 /* Constants.swift in Sources */ = {isa = PBXBuildFile; fileRef = E663E87E2DF9A24700927339 /* Constants.swift */; };
		E66275472DFAF6D6009F0733 /* API Manager.swift in Sources */ = {isa = PBXBuildFile; fileRef = E663E87C2DF9A16200927339 /* API Manager.swift */; };
		E66275482DFAF6DE009F0733 /* PhotoInfo.swift in Sources */ = {isa = PBXBuildFile; fileRef = E663E8822DF9ACED00927339 /* PhotoInfo.swift */; };
		E663E8852DF9CAE100927339 /* SelectDateView.swift in Sources */ = {isa = PBXBuildFile; fileRef = E663E8842DF9CAE000927339 /* SelectDateView.swift */; };
		E68AEBFD2E16A5040024CC87 /* Observatory.swift in Sources */ = {isa = PBXBuildFile; fileRef = E68AEBFB2E16A5040024CC87 /* Observatory.swift */; };
		E68AEBFE2E16A5040024CC87 /* Visitation.swift in Sources */ = {isa = PBXBuildFile; fileRef = E68AEBFC2E16A5040024CC87 /* Visitation.swift */; };
		E68AEC132E16A72A0024CC87 /* Constants.swift in Sources */ = {isa = PBXBuildFile; fileRef = E68AEC082E16A7290024CC87 /* Constants.swift */; };
		E68AEC152E16A72A0024CC87 /* url helper.swift in Sources */ = {isa = PBXBuildFile; fileRef = E68AEC0A2E16A7290024CC87 /* url helper.swift */; };
		E68AEC172E16A72A0024CC87 /* Location.swift in Sources */ = {isa = PBXBuildFile; fileRef = E68AEC0E2E16A7290024CC87 /* Location.swift */; };
		E68AEC182E16A72A0024CC87 /* Weather API.swift in Sources */ = {isa = PBXBuildFile; fileRef = E68AEC0F2E16A7290024CC87 /* Weather API.swift */; };
		E68AEC1E2E16A81F0024CC87 /* NetworkMonitor.swift in Sources */ = {isa = PBXBuildFile; fileRef = E68AEC1D2E16A81F0024CC87 /* NetworkMonitor.swift */; };
		E68AEC272E16B3240024CC87 /* NetworkMonitor.swift in Sources */ = {isa = PBXBuildFile; fileRef = E68AEC1D2E16A81F0024CC87 /* NetworkMonitor.swift */; };
		E68AEC292E16B51C0024CC87 /* LocationManager.swift in Sources */ = {isa = PBXBuildFile; fileRef = E68AEC282E16B51B0024CC87 /* LocationManager.swift */; };
		E6AA1FBB2E12DAA0006F9703 /* ModelsInitializers.swift in Sources */ = {isa = PBXBuildFile; fileRef = E6AA1FB82E12DAA0006F9703 /* ModelsInitializers.swift */; };
		E6AA1FBC2E12DAA0006F9703 /* CoreDataManager.swift in Sources */ = {isa = PBXBuildFile; fileRef = E6AA1FB92E12DAA0006F9703 /* CoreDataManager.swift */; };
		E6AA1FBD2E12DAA0006F9703 /* CoreDataSeeder.swift in Sources */ = {isa = PBXBuildFile; fileRef = E6AA1FBA2E12DAA0006F9703 /* CoreDataSeeder.swift */; };
		E6AA1FDE2E12DBC1006F9703 /* AccessibleImage.swift in Sources */ = {isa = PBXBuildFile; fileRef = E6AA1FC82E12DBC0006F9703 /* AccessibleImage.swift */; };
		E6AA1FDF2E12DBC1006F9703 /* Fact.swift in Sources */ = {isa = PBXBuildFile; fileRef = E6AA1FC92E12DBC0006F9703 /* Fact.swift */; };
		E6AA1FE02E12DBC1006F9703 /* HistoricalCosmicEvent.swift in Sources */ = {isa = PBXBuildFile; fileRef = E6AA1FCB2E12DBC0006F9703 /* HistoricalCosmicEvent.swift */; };
		E6AA1FE12E12DBC1006F9703 /* MainInfo.swift in Sources */ = {isa = PBXBuildFile; fileRef = E6AA1FCE2E12DBC0006F9703 /* MainInfo.swift */; };
		E6AA1FE22E12DBC1006F9703 /* KnowledgeBuild.swift in Sources */ = {isa = PBXBuildFile; fileRef = E6AA1FCF2E12DBC0006F9703 /* KnowledgeBuild.swift */; };
		E6AA1FE32E12DBC1006F9703 /* PhysicalCharacteristics.swift in Sources */ = {isa = PBXBuildFile; fileRef = E6AA1FD02E12DBC0006F9703 /* PhysicalCharacteristics.swift */; };
		E6AA1FE42E12DBC1006F9703 /* CelestialBody.swift in Sources */ = {isa = PBXBuildFile; fileRef = E6AA1FD12E12DBC0006F9703 /* CelestialBody.swift */; };
		E6AA1FE52E12DBC1006F9703 /* Observatory.swift in Sources */ = {isa = PBXBuildFile; fileRef = E6AA1FD32E12DBC0006F9703 /* Observatory.swift */; };
		E6AA1FE62E12DBC1006F9703 /* Visitation.swift in Sources */ = {isa = PBXBuildFile; fileRef = E6AA1FD42E12DBC0006F9703 /* Visitation.swift */; };
		E6AA1FE72E12DBC1006F9703 /* SpaceMission.swift in Sources */ = {isa = PBXBuildFile; fileRef = E6AA1FD52E12DBC0006F9703 /* SpaceMission.swift */; };
		E6AA1FE82E12DBC1006F9703 /* ObservableEvent.swift in Sources */ = {isa = PBXBuildFile; fileRef = E6AA1FD72E12DBC0006F9703 /* ObservableEvent.swift */; };
		E6AA1FE92E12DBC1006F9703 /* Notification.swift in Sources */ = {isa = PBXBuildFile; fileRef = E6AA1FD82E12DBC0006F9703 /* Notification.swift */; };
		E6AA1FEA2E12DBC1006F9703 /* Visibility.swift in Sources */ = {isa = PBXBuildFile; fileRef = E6AA1FDA2E12DBC1006F9703 /* Visibility.swift */; };
		E6AA1FEB2E12DBC1006F9703 /* TimePeriod.swift in Sources */ = {isa = PBXBuildFile; fileRef = E6AA1FDB2E12DBC1006F9703 /* TimePeriod.swift */; };
		E6AA1FEC2E12DBC1006F9703 /* DateTime.swift in Sources */ = {isa = PBXBuildFile; fileRef = E6AA1FDC2E12DBC1006F9703 /* DateTime.swift */; };
		E6B0254F2E0C18BF00BEF1E1 /* PerfilView.swift in Sources */ = {isa = PBXBuildFile; fileRef = E6B0254E2E0C18BF00BEF1E1 /* PerfilView.swift */; };
		E6B025522E0C1B8F00BEF1E1 /* SearchBar.swift in Sources */ = {isa = PBXBuildFile; fileRef = E6B025512E0C1B8F00BEF1E1 /* SearchBar.swift */; };
		E6EA46EE2E155581004F962D /* Widget.swift in Sources */ = {isa = PBXBuildFile; fileRef = E609CA682DFB031100A2A5E2 /* Widget.swift */; };
		E77B45022E0C1EED00EDFB2B /* FavoritesView.swift in Sources */ = {isa = PBXBuildFile; fileRef = E77B45012E0C1EED00EDFB2B /* FavoritesView.swift */; };
		E787873B2E16A87A002B22BE /* StarTrack.xcdatamodeld in Sources */ = {isa = PBXBuildFile; fileRef = E78787392E16A87A002B22BE /* StarTrack.xcdatamodeld */; };
		E7D4FFE32E0065E700CABB2C /* CatalogView.swift in Sources */ = {isa = PBXBuildFile; fileRef = E7D4FFE22E0065E700CABB2C /* CatalogView.swift */; };
		E7D4FFE52E0065F900CABB2C /* CalendarView.swift in Sources */ = {isa = PBXBuildFile; fileRef = E7D4FFE42E0065F900CABB2C /* CalendarView.swift */; };
		E7D4FFE72E00660C00CABB2C /* ObservatoriesView.swift in Sources */ = {isa = PBXBuildFile; fileRef = E7D4FFE62E00660C00CABB2C /* ObservatoriesView.swift */; };
		E7D4FFE92E00661D00CABB2C /* TabBar.swift in Sources */ = {isa = PBXBuildFile; fileRef = E7D4FFE82E00661D00CABB2C /* TabBar.swift */; };
/* End PBXBuildFile section */

/* Begin PBXContainerItemProxy section */
		6621EB972DF7180500381752 /* PBXContainerItemProxy */ = {
			isa = PBXContainerItemProxy;
			containerPortal = 6621EB7E2DF7180200381752 /* Project object */;
			proxyType = 1;
			remoteGlobalIDString = 6621EB852DF7180200381752;
			remoteInfo = StarTrack;
		};
		6621EBA12DF7180500381752 /* PBXContainerItemProxy */ = {
			isa = PBXContainerItemProxy;
			containerPortal = 6621EB7E2DF7180200381752 /* Project object */;
			proxyType = 1;
			remoteGlobalIDString = 6621EB852DF7180200381752;
			remoteInfo = StarTrack;
		};
		E609CA6D2DFB031500A2A5E2 /* PBXContainerItemProxy */ = {
			isa = PBXContainerItemProxy;
			containerPortal = 6621EB7E2DF7180200381752 /* Project object */;
			proxyType = 1;
			remoteGlobalIDString = E609CA632DFB031100A2A5E2;
			remoteInfo = WidgetExtension;
		};
/* End PBXContainerItemProxy section */

/* Begin PBXCopyFilesBuildPhase section */
		E661AC612DF8719D000844EC /* Embed App Extensions */ = {
			isa = PBXCopyFilesBuildPhase;
			buildActionMask = 2147483647;
			dstPath = "";
			dstSubfolderSpec = 13;
			files = (
				E609CA6F2DFB031500A2A5E2 /* WidgetExtension.appex in Embed App Extensions */,
			);
			name = "Embed App Extensions";
			runOnlyForDeploymentPostprocessing = 0;
		};
/* End PBXCopyFilesBuildPhase section */

/* Begin PBXFileReference section */
		6621EB862DF7180200381752 /* StarTrack.app */ = {isa = PBXFileReference; explicitFileType = wrapper.application; includeInIndex = 0; path = StarTrack.app; sourceTree = BUILT_PRODUCTS_DIR; };
		6621EB8B2DF7180200381752 /* ContentView.swift */ = {isa = PBXFileReference; lastKnownFileType = sourcecode.swift; path = ContentView.swift; sourceTree = "<group>"; };
		6621EB962DF7180500381752 /* StarTrackTests.xctest */ = {isa = PBXFileReference; explicitFileType = wrapper.cfbundle; includeInIndex = 0; path = StarTrackTests.xctest; sourceTree = BUILT_PRODUCTS_DIR; };
		6621EB9A2DF7180500381752 /* StarTrackTests.swift */ = {isa = PBXFileReference; lastKnownFileType = sourcecode.swift; path = StarTrackTests.swift; sourceTree = "<group>"; };
		6621EBA02DF7180500381752 /* StarTrackUITests.xctest */ = {isa = PBXFileReference; explicitFileType = wrapper.cfbundle; includeInIndex = 0; path = StarTrackUITests.xctest; sourceTree = BUILT_PRODUCTS_DIR; };
		6621EBA42DF7180500381752 /* StarTrackUITests.swift */ = {isa = PBXFileReference; lastKnownFileType = sourcecode.swift; path = StarTrackUITests.swift; sourceTree = "<group>"; };
		6621EBA62DF7180500381752 /* StarTrackUITestsLaunchTests.swift */ = {isa = PBXFileReference; lastKnownFileType = sourcecode.swift; path = StarTrackUITestsLaunchTests.swift; sourceTree = "<group>"; };
		6621EBBA2DF71AD000381752 /* ServicePlaceholder.swift */ = {isa = PBXFileReference; lastKnownFileType = sourcecode.swift; path = ServicePlaceholder.swift; sourceTree = "<group>"; };
		6621EBC92DF71F0000381752 /* StarTrackApp.swift */ = {isa = PBXFileReference; fileEncoding = 4; lastKnownFileType = sourcecode.swift; path = StarTrackApp.swift; sourceTree = "<group>"; };
		6621EBCA2DF71F0000381752 /* Launch Screen.storyboard */ = {isa = PBXFileReference; fileEncoding = 4; lastKnownFileType = file.storyboard; path = "Launch Screen.storyboard"; sourceTree = "<group>"; };
		E609CA642DFB031100A2A5E2 /* WidgetExtension.appex */ = {isa = PBXFileReference; explicitFileType = "wrapper.app-extension"; includeInIndex = 0; path = WidgetExtension.appex; sourceTree = BUILT_PRODUCTS_DIR; };
		E609CA682DFB031100A2A5E2 /* Widget.swift */ = {isa = PBXFileReference; lastKnownFileType = sourcecode.swift; path = Widget.swift; sourceTree = "<group>"; };
		E627387A2E16BDD000E99EF5 /* Preview Assets.xcassets */ = {isa = PBXFileReference; lastKnownFileType = folder.assetcatalog; path = "Preview Assets.xcassets"; sourceTree = "<group>"; };
		E627387C2E16BE3A00E99EF5 /* Assets.xcassets */ = {isa = PBXFileReference; lastKnownFileType = folder.assetcatalog; path = Assets.xcassets; sourceTree = "<group>"; };
		E65420D12E1400FD00C0B550 /* FuncLib.swift */ = {isa = PBXFileReference; fileEncoding = 4; lastKnownFileType = sourcecode.swift; path = FuncLib.swift; sourceTree = "<group>"; };
		E65420DC2E140E9D00C0B550 /* Persistance.swift */ = {isa = PBXFileReference; fileEncoding = 4; lastKnownFileType = sourcecode.swift; path = Persistance.swift; sourceTree = "<group>"; };
		E65420DF2E14120700C0B550 /* historical_cosmic_events.json */ = {isa = PBXFileReference; fileEncoding = 4; lastKnownFileType = text.json; path = historical_cosmic_events.json; sourceTree = "<group>"; };
		E65420E12E14120800C0B550 /* events.json */ = {isa = PBXFileReference; fileEncoding = 4; lastKnownFileType = text.json; path = events.json; sourceTree = "<group>"; };
		E65420E22E14120800C0B550 /* space_mission.json */ = {isa = PBXFileReference; fileEncoding = 4; lastKnownFileType = text.json; path = space_mission.json; sourceTree = "<group>"; };
		E65420E32E14120800C0B550 /* observatory.json */ = {isa = PBXFileReference; fileEncoding = 4; lastKnownFileType = text.json; path = observatory.json; sourceTree = "<group>"; };
		E65420E92E14141A00C0B550 /* celestial_bodies.json */ = {isa = PBXFileReference; fileEncoding = 4; lastKnownFileType = text.json; path = celestial_bodies.json; sourceTree = "<group>"; };
		E661AC542DF87199000844EC /* WidgetKit.framework */ = {isa = PBXFileReference; lastKnownFileType = wrapper.framework; name = WidgetKit.framework; path = System/Library/Frameworks/WidgetKit.framework; sourceTree = SDKROOT; };
		E661AC562DF87199000844EC /* SwiftUI.framework */ = {isa = PBXFileReference; lastKnownFileType = wrapper.framework; name = SwiftUI.framework; path = System/Library/Frameworks/SwiftUI.framework; sourceTree = SDKROOT; };
		E663E87C2DF9A16200927339 /* API Manager.swift */ = {isa = PBXFileReference; lastKnownFileType = sourcecode.swift; path = "API Manager.swift"; sourceTree = "<group>"; };
		E663E87E2DF9A24700927339 /* Constants.swift */ = {isa = PBXFileReference; lastKnownFileType = sourcecode.swift; path = Constants.swift; sourceTree = "<group>"; };
		E663E8802DF9A3DE00927339 /* url helper.swift */ = {isa = PBXFileReference; lastKnownFileType = sourcecode.swift; path = "url helper.swift"; sourceTree = "<group>"; };
		E663E8822DF9ACED00927339 /* PhotoInfo.swift */ = {isa = PBXFileReference; lastKnownFileType = sourcecode.swift; path = PhotoInfo.swift; sourceTree = "<group>"; };
		E663E8842DF9CAE000927339 /* SelectDateView.swift */ = {isa = PBXFileReference; lastKnownFileType = sourcecode.swift; path = SelectDateView.swift; sourceTree = "<group>"; };
		E671D6BE2E0D75A90008F3C6 /* Info.plist */ = {isa = PBXFileReference; lastKnownFileType = text.plist; path = Info.plist; sourceTree = "<group>"; };
		E68AEBFB2E16A5040024CC87 /* Observatory.swift */ = {isa = PBXFileReference; fileEncoding = 4; lastKnownFileType = sourcecode.swift; path = Observatory.swift; sourceTree = "<group>"; };
		E68AEBFC2E16A5040024CC87 /* Visitation.swift */ = {isa = PBXFileReference; fileEncoding = 4; lastKnownFileType = sourcecode.swift; path = Visitation.swift; sourceTree = "<group>"; };
		E68AEC082E16A7290024CC87 /* Constants.swift */ = {isa = PBXFileReference; fileEncoding = 4; lastKnownFileType = sourcecode.swift; path = Constants.swift; sourceTree = "<group>"; };
		E68AEC092E16A7290024CC87 /* NetworkManager.swift */ = {isa = PBXFileReference; fileEncoding = 4; lastKnownFileType = sourcecode.swift; path = NetworkManager.swift; sourceTree = "<group>"; };
		E68AEC0A2E16A7290024CC87 /* url helper.swift */ = {isa = PBXFileReference; fileEncoding = 4; lastKnownFileType = sourcecode.swift; path = "url helper.swift"; sourceTree = "<group>"; };
		E68AEC0E2E16A7290024CC87 /* Location.swift */ = {isa = PBXFileReference; fileEncoding = 4; lastKnownFileType = sourcecode.swift; path = Location.swift; sourceTree = "<group>"; };
		E68AEC0F2E16A7290024CC87 /* Weather API.swift */ = {isa = PBXFileReference; fileEncoding = 4; lastKnownFileType = sourcecode.swift; path = "Weather API.swift"; sourceTree = "<group>"; };
		E68AEC1D2E16A81F0024CC87 /* NetworkMonitor.swift */ = {isa = PBXFileReference; fileEncoding = 4; lastKnownFileType = sourcecode.swift; path = NetworkMonitor.swift; sourceTree = "<group>"; };
		E68AEC282E16B51B0024CC87 /* LocationManager.swift */ = {isa = PBXFileReference; fileEncoding = 4; lastKnownFileType = sourcecode.swift; path = LocationManager.swift; sourceTree = "<group>"; };
		E6AA1FB82E12DAA0006F9703 /* ModelsInitializers.swift */ = {isa = PBXFileReference; fileEncoding = 4; lastKnownFileType = sourcecode.swift; path = ModelsInitializers.swift; sourceTree = "<group>"; };
		E6AA1FB92E12DAA0006F9703 /* CoreDataManager.swift */ = {isa = PBXFileReference; fileEncoding = 4; lastKnownFileType = sourcecode.swift; path = CoreDataManager.swift; sourceTree = "<group>"; };
		E6AA1FBA2E12DAA0006F9703 /* CoreDataSeeder.swift */ = {isa = PBXFileReference; fileEncoding = 4; lastKnownFileType = sourcecode.swift; path = CoreDataSeeder.swift; sourceTree = "<group>"; };
		E6AA1FC82E12DBC0006F9703 /* AccessibleImage.swift */ = {isa = PBXFileReference; fileEncoding = 4; lastKnownFileType = sourcecode.swift; path = AccessibleImage.swift; sourceTree = "<group>"; };
		E6AA1FC92E12DBC0006F9703 /* Fact.swift */ = {isa = PBXFileReference; fileEncoding = 4; lastKnownFileType = sourcecode.swift; path = Fact.swift; sourceTree = "<group>"; };
		E6AA1FCB2E12DBC0006F9703 /* HistoricalCosmicEvent.swift */ = {isa = PBXFileReference; fileEncoding = 4; lastKnownFileType = sourcecode.swift; path = HistoricalCosmicEvent.swift; sourceTree = "<group>"; };
		E6AA1FCE2E12DBC0006F9703 /* MainInfo.swift */ = {isa = PBXFileReference; fileEncoding = 4; lastKnownFileType = sourcecode.swift; path = MainInfo.swift; sourceTree = "<group>"; };
		E6AA1FCF2E12DBC0006F9703 /* KnowledgeBuild.swift */ = {isa = PBXFileReference; fileEncoding = 4; lastKnownFileType = sourcecode.swift; path = KnowledgeBuild.swift; sourceTree = "<group>"; };
		E6AA1FD02E12DBC0006F9703 /* PhysicalCharacteristics.swift */ = {isa = PBXFileReference; fileEncoding = 4; lastKnownFileType = sourcecode.swift; path = PhysicalCharacteristics.swift; sourceTree = "<group>"; };
		E6AA1FD12E12DBC0006F9703 /* CelestialBody.swift */ = {isa = PBXFileReference; fileEncoding = 4; lastKnownFileType = sourcecode.swift; path = CelestialBody.swift; sourceTree = "<group>"; };
		E6AA1FD32E12DBC0006F9703 /* Observatory.swift */ = {isa = PBXFileReference; fileEncoding = 4; lastKnownFileType = sourcecode.swift; path = Observatory.swift; sourceTree = "<group>"; };
		E6AA1FD42E12DBC0006F9703 /* Visitation.swift */ = {isa = PBXFileReference; fileEncoding = 4; lastKnownFileType = sourcecode.swift; path = Visitation.swift; sourceTree = "<group>"; };
		E6AA1FD52E12DBC0006F9703 /* SpaceMission.swift */ = {isa = PBXFileReference; fileEncoding = 4; lastKnownFileType = sourcecode.swift; path = SpaceMission.swift; sourceTree = "<group>"; };
		E6AA1FD72E12DBC0006F9703 /* ObservableEvent.swift */ = {isa = PBXFileReference; fileEncoding = 4; lastKnownFileType = sourcecode.swift; path = ObservableEvent.swift; sourceTree = "<group>"; };
		E6AA1FD82E12DBC0006F9703 /* Notification.swift */ = {isa = PBXFileReference; fileEncoding = 4; lastKnownFileType = sourcecode.swift; path = Notification.swift; sourceTree = "<group>"; };
		E6AA1FDA2E12DBC1006F9703 /* Visibility.swift */ = {isa = PBXFileReference; fileEncoding = 4; lastKnownFileType = sourcecode.swift; path = Visibility.swift; sourceTree = "<group>"; };
		E6AA1FDB2E12DBC1006F9703 /* TimePeriod.swift */ = {isa = PBXFileReference; fileEncoding = 4; lastKnownFileType = sourcecode.swift; path = TimePeriod.swift; sourceTree = "<group>"; };
		E6AA1FDC2E12DBC1006F9703 /* DateTime.swift */ = {isa = PBXFileReference; fileEncoding = 4; lastKnownFileType = sourcecode.swift; path = DateTime.swift; sourceTree = "<group>"; };
		E6B0254E2E0C18BF00BEF1E1 /* PerfilView.swift */ = {isa = PBXFileReference; lastKnownFileType = sourcecode.swift; path = PerfilView.swift; sourceTree = "<group>"; };
		E6B025512E0C1B8F00BEF1E1 /* SearchBar.swift */ = {isa = PBXFileReference; lastKnownFileType = sourcecode.swift; path = SearchBar.swift; sourceTree = "<group>"; };
		E77B45012E0C1EED00EDFB2B /* FavoritesView.swift */ = {isa = PBXFileReference; lastKnownFileType = sourcecode.swift; path = FavoritesView.swift; sourceTree = "<group>"; };
		E787873A2E16A87A002B22BE /* StarTrack.xcdatamodel */ = {isa = PBXFileReference; lastKnownFileType = wrapper.xcdatamodel; path = StarTrack.xcdatamodel; sourceTree = "<group>"; };
		E7D4FFE22E0065E700CABB2C /* CatalogView.swift */ = {isa = PBXFileReference; lastKnownFileType = sourcecode.swift; path = CatalogView.swift; sourceTree = "<group>"; };
		E7D4FFE42E0065F900CABB2C /* CalendarView.swift */ = {isa = PBXFileReference; lastKnownFileType = sourcecode.swift; path = CalendarView.swift; sourceTree = "<group>"; };
		E7D4FFE62E00660C00CABB2C /* ObservatoriesView.swift */ = {isa = PBXFileReference; lastKnownFileType = sourcecode.swift; path = ObservatoriesView.swift; sourceTree = "<group>"; };
		E7D4FFE82E00661D00CABB2C /* TabBar.swift */ = {isa = PBXFileReference; lastKnownFileType = sourcecode.swift; path = TabBar.swift; sourceTree = "<group>"; };
/* End PBXFileReference section */

/* Begin PBXFrameworksBuildPhase section */
		6621EB832DF7180200381752 /* Frameworks */ = {
			isa = PBXFrameworksBuildPhase;
			buildActionMask = 2147483647;
			files = (
			);
			runOnlyForDeploymentPostprocessing = 0;
		};
		6621EB932DF7180500381752 /* Frameworks */ = {
			isa = PBXFrameworksBuildPhase;
			buildActionMask = 2147483647;
			files = (
			);
			runOnlyForDeploymentPostprocessing = 0;
		};
		6621EB9D2DF7180500381752 /* Frameworks */ = {
			isa = PBXFrameworksBuildPhase;
			buildActionMask = 2147483647;
			files = (
			);
			runOnlyForDeploymentPostprocessing = 0;
		};
		E609CA612DFB031100A2A5E2 /* Frameworks */ = {
			isa = PBXFrameworksBuildPhase;
			buildActionMask = 2147483647;
			files = (
				E609CA662DFB031100A2A5E2 /* SwiftUI.framework in Frameworks */,
				E609CA652DFB031100A2A5E2 /* WidgetKit.framework in Frameworks */,
			);
			runOnlyForDeploymentPostprocessing = 0;
		};
/* End PBXFrameworksBuildPhase section */

/* Begin PBXGroup section */
		6621EB7D2DF7180200381752 = {
			isa = PBXGroup;
			children = (
				E627387C2E16BE3A00E99EF5 /* Assets.xcassets */,
				E62738792E16BDD000E99EF5 /* Preview Content */,
				6621EB882DF7180200381752 /* StarTrack */,
				6621EBC22DF71BC900381752 /* Tests */,
				E609CA672DFB031100A2A5E2 /* Widget */,
				E661AC532DF87199000844EC /* Frameworks */,
				6621EB872DF7180200381752 /* Products */,
			);
			sourceTree = "<group>";
		};
		6621EB872DF7180200381752 /* Products */ = {
			isa = PBXGroup;
			children = (
				6621EB862DF7180200381752 /* StarTrack.app */,
				6621EB962DF7180500381752 /* StarTrackTests.xctest */,
				6621EBA02DF7180500381752 /* StarTrackUITests.xctest */,
				E609CA642DFB031100A2A5E2 /* WidgetExtension.appex */,
			);
			name = Products;
			sourceTree = "<group>";
		};
		6621EB882DF7180200381752 /* StarTrack */ = {
			isa = PBXGroup;
			children = (
				E671D6BE2E0D75A90008F3C6 /* Info.plist */,
				6621EBC82DF71F0000381752 /* Launcher */,
				6621EBB92DF7190400381752 /* Services */,
				6621EBB82DF718DA00381752 /* Resources */,
				6621EBB72DF7187900381752 /* Source */,
				6621EBB62DF7185C00381752 /* ViewModel */,
				6621EBB52DF7185500381752 /* View */,
				6621EBB42DF7184A00381752 /* Model */,
			);
			path = StarTrack;
			sourceTree = "<group>";
		};
		6621EB992DF7180500381752 /* StarTrackTests */ = {
			isa = PBXGroup;
			children = (
				6621EB9A2DF7180500381752 /* StarTrackTests.swift */,
			);
			path = StarTrackTests;
			sourceTree = "<group>";
		};
		6621EBA32DF7180500381752 /* StarTrackUITests */ = {
			isa = PBXGroup;
			children = (
				6621EBA42DF7180500381752 /* StarTrackUITests.swift */,
				6621EBA62DF7180500381752 /* StarTrackUITestsLaunchTests.swift */,
			);
			path = StarTrackUITests;
			sourceTree = "<group>";
		};
		6621EBB42DF7184A00381752 /* Model */ = {
			isa = PBXGroup;
			children = (
				E68AEBFA2E16A5040024CC87 /* Observatory */,
				E6AA1FCA2E12DBC0006F9703 /* Main */,
				E6AA1FC72E12DBC0006F9703 /* Root */,
				E6AA1FD92E12DBC1006F9703 /* Utils */,
			);
			path = Model;
			sourceTree = "<group>";
		};
		6621EBB52DF7185500381752 /* View */ = {
			isa = PBXGroup;
			children = (
				E6B0254D2E0C187900BEF1E1 /* Perfil */,
				E7D4FFE12E0065C900CABB2C /* Catalog */,
				E7D4FFE02E0065B000CABB2C /* Calendar */,
				E7D4FFDF2E00659F00CABB2C /* Observatories */,
				6621EB8B2DF7180200381752 /* ContentView.swift */,
				E663E8842DF9CAE000927339 /* SelectDateView.swift */,
				E7D4FFE82E00661D00CABB2C /* TabBar.swift */,
			);
			path = View;
			sourceTree = "<group>";
		};
		6621EBB62DF7185C00381752 /* ViewModel */ = {
			isa = PBXGroup;
			children = (
				E68AEC062E16A7290024CC87 /* ViewModel */,
				E6ACD1AA2E01925C0041D0E1 /* Network Monitor */,
				E6ACD1A92E0190C60041D0E1 /* Nasa API */,
			);
			path = ViewModel;
			sourceTree = "<group>";
		};
		6621EBB72DF7187900381752 /* Source */ = {
			isa = PBXGroup;
			children = (
				E6B025562E0C1E7900BEF1E1 /* NasaPhotoInfo */,
				E6B025502E0C1B7800BEF1E1 /* SearchBar */,
			);
			path = Source;
			sourceTree = "<group>";
		};
		6621EBB82DF718DA00381752 /* Resources */ = {
			isa = PBXGroup;
			children = (
				E65420D12E1400FD00C0B550 /* FuncLib.swift */,
			);
			path = Resources;
			sourceTree = "<group>";
		};
		6621EBB92DF7190400381752 /* Services */ = {
			isa = PBXGroup;
			children = (
				E6AA1FB72E12DA98006F9703 /* CoreData */,
				6621EBBA2DF71AD000381752 /* ServicePlaceholder.swift */,
			);
			path = Services;
			sourceTree = "<group>";
		};
		6621EBC22DF71BC900381752 /* Tests */ = {
			isa = PBXGroup;
			children = (
				6621EB992DF7180500381752 /* StarTrackTests */,
				6621EBA32DF7180500381752 /* StarTrackUITests */,
			);
			path = Tests;
			sourceTree = "<group>";
		};
		6621EBC82DF71F0000381752 /* Launcher */ = {
			isa = PBXGroup;
			children = (
				6621EBC92DF71F0000381752 /* StarTrackApp.swift */,
				6621EBCA2DF71F0000381752 /* Launch Screen.storyboard */,
			);
			path = Launcher;
			sourceTree = "<group>";
		};
		E609CA672DFB031100A2A5E2 /* Widget */ = {
			isa = PBXGroup;
			children = (
				E609CA682DFB031100A2A5E2 /* Widget.swift */,
			);
			path = Widget;
			sourceTree = "<group>";
		};
		E62738792E16BDD000E99EF5 /* Preview Content */ = {
			isa = PBXGroup;
			children = (
				E627387A2E16BDD000E99EF5 /* Preview Assets.xcassets */,
			);
			path = "Preview Content";
			sourceTree = "<group>";
		};
		E65420DE2E1411CE00C0B550 /* JSON */ = {
			isa = PBXGroup;
			children = (
				E65420E92E14141A00C0B550 /* celestial_bodies.json */,
				E65420E12E14120800C0B550 /* events.json */,
				E65420DF2E14120700C0B550 /* historical_cosmic_events.json */,
				E65420E32E14120800C0B550 /* observatory.json */,
				E65420E22E14120800C0B550 /* space_mission.json */,
			);
			path = JSON;
			sourceTree = "<group>";
		};
		E661AC532DF87199000844EC /* Frameworks */ = {
			isa = PBXGroup;
			children = (
				E661AC542DF87199000844EC /* WidgetKit.framework */,
				E661AC562DF87199000844EC /* SwiftUI.framework */,
			);
			name = Frameworks;
			sourceTree = "<group>";
		};
		E68AEBFA2E16A5040024CC87 /* Observatory */ = {
			isa = PBXGroup;
			children = (
				E68AEBFB2E16A5040024CC87 /* Observatory.swift */,
				E68AEBFC2E16A5040024CC87 /* Visitation.swift */,
			);
			name = Observatory;
			path = StarTrack/Model/Main/Observatory;
			sourceTree = SOURCE_ROOT;
		};
		E68AEC062E16A7290024CC87 /* ViewModel */ = {
			isa = PBXGroup;
			children = (
				E68AEC072E16A7290024CC87 /* Nasa API */,
				E68AEC0D2E16A7290024CC87 /* WeatherLocation */,
			);
			name = ViewModel;
			sourceTree = "<group>";
		};
		E68AEC072E16A7290024CC87 /* Nasa API */ = {
			isa = PBXGroup;
			children = (
				E68AEC082E16A7290024CC87 /* Constants.swift */,
				E68AEC092E16A7290024CC87 /* NetworkManager.swift */,
				E68AEC0A2E16A7290024CC87 /* url helper.swift */,
			);
			path = "Nasa API";
			sourceTree = "<group>";
		};
		E68AEC0D2E16A7290024CC87 /* WeatherLocation */ = {
			isa = PBXGroup;
			children = (
				E68AEC0E2E16A7290024CC87 /* Location.swift */,
				E68AEC0F2E16A7290024CC87 /* Weather API.swift */,
			);
			path = WeatherLocation;
			sourceTree = "<group>";
		};
		E6AA1FB72E12DA98006F9703 /* CoreData */ = {
			isa = PBXGroup;
			children = (
				E78787392E16A87A002B22BE /* StarTrack.xcdatamodeld */,
				E65420DE2E1411CE00C0B550 /* JSON */,
				E65420DC2E140E9D00C0B550 /* Persistance.swift */,
				E6AA1FB92E12DAA0006F9703 /* CoreDataManager.swift */,
				E6AA1FBA2E12DAA0006F9703 /* CoreDataSeeder.swift */,
				E6AA1FB82E12DAA0006F9703 /* ModelsInitializers.swift */,
			);
			path = CoreData;
			sourceTree = "<group>";
		};
		E6AA1FC72E12DBC0006F9703 /* Root */ = {
			isa = PBXGroup;
			children = (
				E6AA1FC82E12DBC0006F9703 /* AccessibleImage.swift */,
				E6AA1FC92E12DBC0006F9703 /* Fact.swift */,
			);
			path = Root;
			sourceTree = "<group>";
		};
		E6AA1FCA2E12DBC0006F9703 /* Main */ = {
			isa = PBXGroup;
			children = (
				E6AA1FCB2E12DBC0006F9703 /* HistoricalCosmicEvent.swift */,
				E6AA1FCC2E12DBC0006F9703 /* CelestialBody */,
				E6AA1FD22E12DBC0006F9703 /* Observatory */,
				E6AA1FD52E12DBC0006F9703 /* SpaceMission.swift */,
				E6AA1FD62E12DBC0006F9703 /* Event */,
			);
			path = Main;
			sourceTree = "<group>";
		};
		E6AA1FCC2E12DBC0006F9703 /* CelestialBody */ = {
			isa = PBXGroup;
			children = (
				E6AA1FCD2E12DBC0006F9703 /* CelestialBodySections */,
				E6AA1FD12E12DBC0006F9703 /* CelestialBody.swift */,
			);
			path = CelestialBody;
			sourceTree = "<group>";
		};
		E6AA1FCD2E12DBC0006F9703 /* CelestialBodySections */ = {
			isa = PBXGroup;
			children = (
				E6AA1FCE2E12DBC0006F9703 /* MainInfo.swift */,
				E6AA1FCF2E12DBC0006F9703 /* KnowledgeBuild.swift */,
				E6AA1FD02E12DBC0006F9703 /* PhysicalCharacteristics.swift */,
			);
			path = CelestialBodySections;
			sourceTree = "<group>";
		};
		E6AA1FD22E12DBC0006F9703 /* Observatory */ = {
			isa = PBXGroup;
			children = (
				E6AA1FD32E12DBC0006F9703 /* Observatory.swift */,
				E6AA1FD42E12DBC0006F9703 /* Visitation.swift */,
			);
			path = Observatory;
			sourceTree = "<group>";
		};
		E6AA1FD62E12DBC0006F9703 /* Event */ = {
			isa = PBXGroup;
			children = (
				E6AA1FD72E12DBC0006F9703 /* ObservableEvent.swift */,
				E6AA1FD82E12DBC0006F9703 /* Notification.swift */,
			);
			path = Event;
			sourceTree = "<group>";
		};
		E6AA1FD92E12DBC1006F9703 /* Utils */ = {
			isa = PBXGroup;
			children = (
				E6AA1FDA2E12DBC1006F9703 /* Visibility.swift */,
				E6AA1FDB2E12DBC1006F9703 /* TimePeriod.swift */,
				E6AA1FDC2E12DBC1006F9703 /* DateTime.swift */,
			);
			path = Utils;
			sourceTree = "<group>";
		};
		E6ACD1A92E0190C60041D0E1 /* Nasa API */ = {
			isa = PBXGroup;
			children = (
				E663E8802DF9A3DE00927339 /* url helper.swift */,
				E663E87E2DF9A24700927339 /* Constants.swift */,
				E663E87C2DF9A16200927339 /* API Manager.swift */,
			);
			path = "Nasa API";
			sourceTree = "<group>";
		};
		E6ACD1AA2E01925C0041D0E1 /* Network Monitor */ = {
			isa = PBXGroup;
			children = (
				E68AEC1D2E16A81F0024CC87 /* NetworkMonitor.swift */,
			);
			path = "Network Monitor";
			sourceTree = "<group>";
		};
		E6B0254D2E0C187900BEF1E1 /* Perfil */ = {
			isa = PBXGroup;
			children = (
				E6B0254E2E0C18BF00BEF1E1 /* PerfilView.swift */,
			);
			path = Perfil;
			sourceTree = "<group>";
		};
		E6B025502E0C1B7800BEF1E1 /* SearchBar */ = {
			isa = PBXGroup;
			children = (
				E6B025512E0C1B8F00BEF1E1 /* SearchBar.swift */,
			);
			path = SearchBar;
			sourceTree = "<group>";
		};
		E6B025562E0C1E7900BEF1E1 /* NasaPhotoInfo */ = {
			isa = PBXGroup;
			children = (
				E663E8822DF9ACED00927339 /* PhotoInfo.swift */,
			);
			path = NasaPhotoInfo;
			sourceTree = "<group>";
		};
		E7D4FFDF2E00659F00CABB2C /* Observatories */ = {
			isa = PBXGroup;
			children = (
				E7D4FFE62E00660C00CABB2C /* ObservatoriesView.swift */,
				E68AEC282E16B51B0024CC87 /* LocationManager.swift */,
			);
			path = Observatories;
			sourceTree = "<group>";
		};
		E7D4FFE02E0065B000CABB2C /* Calendar */ = {
			isa = PBXGroup;
			children = (
				E7D4FFE42E0065F900CABB2C /* CalendarView.swift */,
				E77B45012E0C1EED00EDFB2B /* FavoritesView.swift */,
			);
			path = Calendar;
			sourceTree = "<group>";
		};
		E7D4FFE12E0065C900CABB2C /* Catalog */ = {
			isa = PBXGroup;
			children = (
				E7D4FFE22E0065E700CABB2C /* CatalogView.swift */,
			);
			path = Catalog;
			sourceTree = "<group>";
		};
/* End PBXGroup section */

/* Begin PBXNativeTarget section */
		6621EB852DF7180200381752 /* StarTrack */ = {
			isa = PBXNativeTarget;
			buildConfigurationList = 6621EBAA2DF7180500381752 /* Build configuration list for PBXNativeTarget "StarTrack" */;
			buildPhases = (
				6621EB822DF7180200381752 /* Sources */,
				6621EB832DF7180200381752 /* Frameworks */,
				6621EB842DF7180200381752 /* Resources */,
				E661AC612DF8719D000844EC /* Embed App Extensions */,
			);
			buildRules = (
			);
			dependencies = (
				E609CA6E2DFB031500A2A5E2 /* PBXTargetDependency */,
			);
			name = StarTrack;
			productName = StarTrack;
			productReference = 6621EB862DF7180200381752 /* StarTrack.app */;
			productType = "com.apple.product-type.application";
		};
		6621EB952DF7180500381752 /* StarTrackTests */ = {
			isa = PBXNativeTarget;
			buildConfigurationList = 6621EBAD2DF7180500381752 /* Build configuration list for PBXNativeTarget "StarTrackTests" */;
			buildPhases = (
				6621EB922DF7180500381752 /* Sources */,
				6621EB932DF7180500381752 /* Frameworks */,
				6621EB942DF7180500381752 /* Resources */,
			);
			buildRules = (
			);
			dependencies = (
				6621EB982DF7180500381752 /* PBXTargetDependency */,
			);
			name = StarTrackTests;
			productName = StarTrackTests;
			productReference = 6621EB962DF7180500381752 /* StarTrackTests.xctest */;
			productType = "com.apple.product-type.bundle.unit-test";
		};
		6621EB9F2DF7180500381752 /* StarTrackUITests */ = {
			isa = PBXNativeTarget;
			buildConfigurationList = 6621EBB02DF7180500381752 /* Build configuration list for PBXNativeTarget "StarTrackUITests" */;
			buildPhases = (
				6621EB9C2DF7180500381752 /* Sources */,
				6621EB9D2DF7180500381752 /* Frameworks */,
				6621EB9E2DF7180500381752 /* Resources */,
			);
			buildRules = (
			);
			dependencies = (
				6621EBA22DF7180500381752 /* PBXTargetDependency */,
			);
			name = StarTrackUITests;
			productName = StarTrackUITests;
			productReference = 6621EBA02DF7180500381752 /* StarTrackUITests.xctest */;
			productType = "com.apple.product-type.bundle.ui-testing";
		};
		E609CA632DFB031100A2A5E2 /* WidgetExtension */ = {
			isa = PBXNativeTarget;
			buildConfigurationList = E609CA702DFB031500A2A5E2 /* Build configuration list for PBXNativeTarget "WidgetExtension" */;
			buildPhases = (
				E609CA602DFB031100A2A5E2 /* Sources */,
				E609CA612DFB031100A2A5E2 /* Frameworks */,
				E609CA622DFB031100A2A5E2 /* Resources */,
			);
			buildRules = (
			);
			dependencies = (
			);
			name = WidgetExtension;
			productName = WidgetExtension;
			productReference = E609CA642DFB031100A2A5E2 /* WidgetExtension.appex */;
			productType = "com.apple.product-type.app-extension";
		};
/* End PBXNativeTarget section */

/* Begin PBXProject section */
		6621EB7E2DF7180200381752 /* Project object */ = {
			isa = PBXProject;
			attributes = {
				BuildIndependentTargetsInParallel = 1;
				LastSwiftUpdateCheck = 1320;
				LastUpgradeCheck = 1320;
				TargetAttributes = {
					6621EB852DF7180200381752 = {
						CreatedOnToolsVersion = 13.2;
					};
					6621EB952DF7180500381752 = {
						CreatedOnToolsVersion = 13.2;
						TestTargetID = 6621EB852DF7180200381752;
					};
					6621EB9F2DF7180500381752 = {
						CreatedOnToolsVersion = 13.2;
						TestTargetID = 6621EB852DF7180200381752;
					};
					E609CA632DFB031100A2A5E2 = {
						CreatedOnToolsVersion = 13.2;
					};
				};
			};
			buildConfigurationList = 6621EB812DF7180200381752 /* Build configuration list for PBXProject "StarTrack" */;
			compatibilityVersion = "Xcode 13.0";
			developmentRegion = en;
			hasScannedForEncodings = 0;
			knownRegions = (
				en,
				Base,
			);
			mainGroup = 6621EB7D2DF7180200381752;
			productRefGroup = 6621EB872DF7180200381752 /* Products */;
			projectDirPath = "";
			projectRoot = "";
			targets = (
				6621EB852DF7180200381752 /* StarTrack */,
				6621EB952DF7180500381752 /* StarTrackTests */,
				6621EB9F2DF7180500381752 /* StarTrackUITests */,
				E609CA632DFB031100A2A5E2 /* WidgetExtension */,
			);
		};
/* End PBXProject section */

/* Begin PBXResourcesBuildPhase section */
		6621EB842DF7180200381752 /* Resources */ = {
			isa = PBXResourcesBuildPhase;
			buildActionMask = 2147483647;
			files = (
				E65420E82E14120800C0B550 /* observatory.json in Resources */,
				E627387B2E16BDD000E99EF5 /* Preview Assets.xcassets in Resources */,
				E65420E42E14120800C0B550 /* historical_cosmic_events.json in Resources */,
				6621EBCC2DF71F0000381752 /* Launch Screen.storyboard in Resources */,
				E65420E62E14120800C0B550 /* events.json in Resources */,
				E65420E72E14120800C0B550 /* space_mission.json in Resources */,
				E627387D2E16BE3A00E99EF5 /* Assets.xcassets in Resources */,
				E65420EA2E14141A00C0B550 /* celestial_bodies.json in Resources */,
			);
			runOnlyForDeploymentPostprocessing = 0;
		};
		6621EB942DF7180500381752 /* Resources */ = {
			isa = PBXResourcesBuildPhase;
			buildActionMask = 2147483647;
			files = (
			);
			runOnlyForDeploymentPostprocessing = 0;
		};
		6621EB9E2DF7180500381752 /* Resources */ = {
			isa = PBXResourcesBuildPhase;
			buildActionMask = 2147483647;
			files = (
			);
			runOnlyForDeploymentPostprocessing = 0;
		};
		E609CA622DFB031100A2A5E2 /* Resources */ = {
			isa = PBXResourcesBuildPhase;
			buildActionMask = 2147483647;
			files = (
			);
			runOnlyForDeploymentPostprocessing = 0;
		};
/* End PBXResourcesBuildPhase section */

/* Begin PBXSourcesBuildPhase section */
		6621EB822DF7180200381752 /* Sources */ = {
			isa = PBXSourcesBuildPhase;
			buildActionMask = 2147483647;
			files = (
				E68AEC182E16A72A0024CC87 /* Weather API.swift in Sources */,
				E68AEC1E2E16A81F0024CC87 /* NetworkMonitor.swift in Sources */,
				E66275482DFAF6DE009F0733 /* PhotoInfo.swift in Sources */,
				E6AA1FE12E12DBC1006F9703 /* MainInfo.swift in Sources */,
				6621EB8C2DF7180200381752 /* ContentView.swift in Sources */,
				E6AA1FE82E12DBC1006F9703 /* ObservableEvent.swift in Sources */,
				E68AEBFE2E16A5040024CC87 /* Visitation.swift in Sources */,
				E6AA1FEB2E12DBC1006F9703 /* TimePeriod.swift in Sources */,
				E6AA1FBC2E12DAA0006F9703 /* CoreDataManager.swift in Sources */,
				E6AA1FEC2E12DBC1006F9703 /* DateTime.swift in Sources */,
				E7D4FFE32E0065E700CABB2C /* CatalogView.swift in Sources */,
				E6AA1FE22E12DBC1006F9703 /* KnowledgeBuild.swift in Sources */,
				E68AEBFD2E16A5040024CC87 /* Observatory.swift in Sources */,
				E6AA1FE62E12DBC1006F9703 /* Visitation.swift in Sources */,
				E7D4FFE52E0065F900CABB2C /* CalendarView.swift in Sources */,
				E65420D22E1400FE00C0B550 /* FuncLib.swift in Sources */,
				6621EBBB2DF71AD000381752 /* ServicePlaceholder.swift in Sources */,
				E68AEC292E16B51C0024CC87 /* LocationManager.swift in Sources */,
				E6B025522E0C1B8F00BEF1E1 /* SearchBar.swift in Sources */,
				E6AA1FE52E12DBC1006F9703 /* Observatory.swift in Sources */,
				E66275452DFAF6CC009F0733 /* url helper.swift in Sources */,
				E6B0254F2E0C18BF00BEF1E1 /* PerfilView.swift in Sources */,
				E6AA1FE92E12DBC1006F9703 /* Notification.swift in Sources */,
				E68AEC172E16A72A0024CC87 /* Location.swift in Sources */,
				E6AA1FBD2E12DAA0006F9703 /* CoreDataSeeder.swift in Sources */,
				E68AEC132E16A72A0024CC87 /* Constants.swift in Sources */,
				E6AA1FE02E12DBC1006F9703 /* HistoricalCosmicEvent.swift in Sources */,
				E6AA1FEA2E12DBC1006F9703 /* Visibility.swift in Sources */,
				E66275472DFAF6D6009F0733 /* API Manager.swift in Sources */,
				E6AA1FE32E12DBC1006F9703 /* PhysicalCharacteristics.swift in Sources */,
				E66275462DFAF6D1009F0733 /* Constants.swift in Sources */,
				6621EBCB2DF71F0000381752 /* StarTrackApp.swift in Sources */,
				E6AA1FDE2E12DBC1006F9703 /* AccessibleImage.swift in Sources */,
				E663E8852DF9CAE100927339 /* SelectDateView.swift in Sources */,
				E6AA1FDF2E12DBC1006F9703 /* Fact.swift in Sources */,
				E7D4FFE72E00660C00CABB2C /* ObservatoriesView.swift in Sources */,
				E6AA1FE72E12DBC1006F9703 /* SpaceMission.swift in Sources */,
				E7D4FFE92E00661D00CABB2C /* TabBar.swift in Sources */,
				E68AEC152E16A72A0024CC87 /* url helper.swift in Sources */,
				E6AA1FBB2E12DAA0006F9703 /* ModelsInitializers.swift in Sources */,
				E65420DD2E140E9D00C0B550 /* Persistance.swift in Sources */,
				E787873B2E16A87A002B22BE /* StarTrack.xcdatamodeld in Sources */,
				E6AA1FE42E12DBC1006F9703 /* CelestialBody.swift in Sources */,
				E77B45022E0C1EED00EDFB2B /* FavoritesView.swift in Sources */,
			);
			runOnlyForDeploymentPostprocessing = 0;
		};
		6621EB922DF7180500381752 /* Sources */ = {
			isa = PBXSourcesBuildPhase;
			buildActionMask = 2147483647;
			files = (
				6621EB9B2DF7180500381752 /* StarTrackTests.swift in Sources */,
			);
			runOnlyForDeploymentPostprocessing = 0;
		};
		6621EB9C2DF7180500381752 /* Sources */ = {
			isa = PBXSourcesBuildPhase;
			buildActionMask = 2147483647;
			files = (
				6621EBA72DF7180500381752 /* StarTrackUITestsLaunchTests.swift in Sources */,
				6621EBA52DF7180500381752 /* StarTrackUITests.swift in Sources */,
			);
			runOnlyForDeploymentPostprocessing = 0;
		};
		E609CA602DFB031100A2A5E2 /* Sources */ = {
			isa = PBXSourcesBuildPhase;
			buildActionMask = 2147483647;
			files = (
				E609CA732DFB08BC00A2A5E2 /* API Manager.swift in Sources */,
				E68AEC272E16B3240024CC87 /* NetworkMonitor.swift in Sources */,
				E609CA752DFB08C200A2A5E2 /* url helper.swift in Sources */,
				E609CA742DFB08BE00A2A5E2 /* Constants.swift in Sources */,
				E609CA762DFB08C500A2A5E2 /* PhotoInfo.swift in Sources */,
				E6EA46EE2E155581004F962D /* Widget.swift in Sources */,
			);
			runOnlyForDeploymentPostprocessing = 0;
		};
/* End PBXSourcesBuildPhase section */

/* Begin PBXTargetDependency section */
		6621EB982DF7180500381752 /* PBXTargetDependency */ = {
			isa = PBXTargetDependency;
			target = 6621EB852DF7180200381752 /* StarTrack */;
			targetProxy = 6621EB972DF7180500381752 /* PBXContainerItemProxy */;
		};
		6621EBA22DF7180500381752 /* PBXTargetDependency */ = {
			isa = PBXTargetDependency;
			target = 6621EB852DF7180200381752 /* StarTrack */;
			targetProxy = 6621EBA12DF7180500381752 /* PBXContainerItemProxy */;
		};
		E609CA6E2DFB031500A2A5E2 /* PBXTargetDependency */ = {
			isa = PBXTargetDependency;
			target = E609CA632DFB031100A2A5E2 /* WidgetExtension */;
			targetProxy = E609CA6D2DFB031500A2A5E2 /* PBXContainerItemProxy */;
		};
/* End PBXTargetDependency section */

/* Begin XCBuildConfiguration section */
		6621EBA82DF7180500381752 /* Debug */ = {
			isa = XCBuildConfiguration;
			buildSettings = {
				ALWAYS_SEARCH_USER_PATHS = NO;
				CLANG_ANALYZER_NONNULL = YES;
				CLANG_ANALYZER_NUMBER_OBJECT_CONVERSION = YES_AGGRESSIVE;
				CLANG_CXX_LANGUAGE_STANDARD = "gnu++17";
				CLANG_CXX_LIBRARY = "libc++";
				CLANG_ENABLE_MODULES = YES;
				CLANG_ENABLE_OBJC_ARC = YES;
				CLANG_ENABLE_OBJC_WEAK = YES;
				CLANG_WARN_BLOCK_CAPTURE_AUTORELEASING = YES;
				CLANG_WARN_BOOL_CONVERSION = YES;
				CLANG_WARN_COMMA = YES;
				CLANG_WARN_CONSTANT_CONVERSION = YES;
				CLANG_WARN_DEPRECATED_OBJC_IMPLEMENTATIONS = YES;
				CLANG_WARN_DIRECT_OBJC_ISA_USAGE = YES_ERROR;
				CLANG_WARN_DOCUMENTATION_COMMENTS = YES;
				CLANG_WARN_EMPTY_BODY = YES;
				CLANG_WARN_ENUM_CONVERSION = YES;
				CLANG_WARN_INFINITE_RECURSION = YES;
				CLANG_WARN_INT_CONVERSION = YES;
				CLANG_WARN_NON_LITERAL_NULL_CONVERSION = YES;
				CLANG_WARN_OBJC_IMPLICIT_RETAIN_SELF = YES;
				CLANG_WARN_OBJC_LITERAL_CONVERSION = YES;
				CLANG_WARN_OBJC_ROOT_CLASS = YES_ERROR;
				CLANG_WARN_QUOTED_INCLUDE_IN_FRAMEWORK_HEADER = YES;
				CLANG_WARN_RANGE_LOOP_ANALYSIS = YES;
				CLANG_WARN_STRICT_PROTOTYPES = YES;
				CLANG_WARN_SUSPICIOUS_MOVE = YES;
				CLANG_WARN_UNGUARDED_AVAILABILITY = YES_AGGRESSIVE;
				CLANG_WARN_UNREACHABLE_CODE = YES;
				CLANG_WARN__DUPLICATE_METHOD_MATCH = YES;
				COPY_PHASE_STRIP = NO;
				DEBUG_INFORMATION_FORMAT = dwarf;
				ENABLE_STRICT_OBJC_MSGSEND = YES;
				ENABLE_TESTABILITY = YES;
				GCC_C_LANGUAGE_STANDARD = gnu11;
				GCC_DYNAMIC_NO_PIC = NO;
				GCC_NO_COMMON_BLOCKS = YES;
				GCC_OPTIMIZATION_LEVEL = 0;
				GCC_PREPROCESSOR_DEFINITIONS = (
					"DEBUG=1",
					"$(inherited)",
				);
				GCC_WARN_64_TO_32_BIT_CONVERSION = YES;
				GCC_WARN_ABOUT_RETURN_TYPE = YES_ERROR;
				GCC_WARN_UNDECLARED_SELECTOR = YES;
				GCC_WARN_UNINITIALIZED_AUTOS = YES_AGGRESSIVE;
				GCC_WARN_UNUSED_FUNCTION = YES;
				GCC_WARN_UNUSED_VARIABLE = YES;
				IPHONEOS_DEPLOYMENT_TARGET = 15.2;
				MTL_ENABLE_DEBUG_INFO = INCLUDE_SOURCE;
				MTL_FAST_MATH = YES;
				ONLY_ACTIVE_ARCH = YES;
				SDKROOT = iphoneos;
				SWIFT_ACTIVE_COMPILATION_CONDITIONS = DEBUG;
				SWIFT_OPTIMIZATION_LEVEL = "-Onone";
			};
			name = Debug;
		};
		6621EBA92DF7180500381752 /* Release */ = {
			isa = XCBuildConfiguration;
			buildSettings = {
				ALWAYS_SEARCH_USER_PATHS = NO;
				CLANG_ANALYZER_NONNULL = YES;
				CLANG_ANALYZER_NUMBER_OBJECT_CONVERSION = YES_AGGRESSIVE;
				CLANG_CXX_LANGUAGE_STANDARD = "gnu++17";
				CLANG_CXX_LIBRARY = "libc++";
				CLANG_ENABLE_MODULES = YES;
				CLANG_ENABLE_OBJC_ARC = YES;
				CLANG_ENABLE_OBJC_WEAK = YES;
				CLANG_WARN_BLOCK_CAPTURE_AUTORELEASING = YES;
				CLANG_WARN_BOOL_CONVERSION = YES;
				CLANG_WARN_COMMA = YES;
				CLANG_WARN_CONSTANT_CONVERSION = YES;
				CLANG_WARN_DEPRECATED_OBJC_IMPLEMENTATIONS = YES;
				CLANG_WARN_DIRECT_OBJC_ISA_USAGE = YES_ERROR;
				CLANG_WARN_DOCUMENTATION_COMMENTS = YES;
				CLANG_WARN_EMPTY_BODY = YES;
				CLANG_WARN_ENUM_CONVERSION = YES;
				CLANG_WARN_INFINITE_RECURSION = YES;
				CLANG_WARN_INT_CONVERSION = YES;
				CLANG_WARN_NON_LITERAL_NULL_CONVERSION = YES;
				CLANG_WARN_OBJC_IMPLICIT_RETAIN_SELF = YES;
				CLANG_WARN_OBJC_LITERAL_CONVERSION = YES;
				CLANG_WARN_OBJC_ROOT_CLASS = YES_ERROR;
				CLANG_WARN_QUOTED_INCLUDE_IN_FRAMEWORK_HEADER = YES;
				CLANG_WARN_RANGE_LOOP_ANALYSIS = YES;
				CLANG_WARN_STRICT_PROTOTYPES = YES;
				CLANG_WARN_SUSPICIOUS_MOVE = YES;
				CLANG_WARN_UNGUARDED_AVAILABILITY = YES_AGGRESSIVE;
				CLANG_WARN_UNREACHABLE_CODE = YES;
				CLANG_WARN__DUPLICATE_METHOD_MATCH = YES;
				COPY_PHASE_STRIP = NO;
				DEBUG_INFORMATION_FORMAT = "dwarf-with-dsym";
				ENABLE_NS_ASSERTIONS = NO;
				ENABLE_STRICT_OBJC_MSGSEND = YES;
				GCC_C_LANGUAGE_STANDARD = gnu11;
				GCC_NO_COMMON_BLOCKS = YES;
				GCC_WARN_64_TO_32_BIT_CONVERSION = YES;
				GCC_WARN_ABOUT_RETURN_TYPE = YES_ERROR;
				GCC_WARN_UNDECLARED_SELECTOR = YES;
				GCC_WARN_UNINITIALIZED_AUTOS = YES_AGGRESSIVE;
				GCC_WARN_UNUSED_FUNCTION = YES;
				GCC_WARN_UNUSED_VARIABLE = YES;
				IPHONEOS_DEPLOYMENT_TARGET = 15.2;
				MTL_ENABLE_DEBUG_INFO = NO;
				MTL_FAST_MATH = YES;
				SDKROOT = iphoneos;
				SWIFT_COMPILATION_MODE = wholemodule;
				SWIFT_OPTIMIZATION_LEVEL = "-O";
				VALIDATE_PRODUCT = YES;
			};
			name = Release;
		};
		6621EBAB2DF7180500381752 /* Debug */ = {
			isa = XCBuildConfiguration;
			buildSettings = {
				ALWAYS_EMBED_SWIFT_STANDARD_LIBRARIES = YES;
				ASSETCATALOG_COMPILER_APPICON_NAME = AppIcon;
				ASSETCATALOG_COMPILER_GLOBAL_ACCENT_COLOR_NAME = AccentColor;
				CODE_SIGN_STYLE = Automatic;
				CURRENT_PROJECT_VERSION = 1;
				DEVELOPMENT_ASSET_PATHS = "StarTrack/Preview Content";
				DEVELOPMENT_TEAM = 7N9YG996K2;
				ENABLE_PREVIEWS = YES;
				GENERATE_INFOPLIST_FILE = YES;
				INFOPLIST_FILE = StarTrack/Info.plist;
				INFOPLIST_KEY_NSLocationWhenInUseUsageDescription = "Precisamos da sua localização para mostrar observatórios próximos a você.";
				INFOPLIST_KEY_UIApplicationSceneManifest_Generation = YES;
				INFOPLIST_KEY_UIApplicationSupportsIndirectInputEvents = YES;
				INFOPLIST_KEY_UILaunchScreen_Generation = YES;
				INFOPLIST_KEY_UISupportedInterfaceOrientations_iPad = "UIInterfaceOrientationPortrait UIInterfaceOrientationPortraitUpsideDown UIInterfaceOrientationLandscapeLeft UIInterfaceOrientationLandscapeRight";
				INFOPLIST_KEY_UISupportedInterfaceOrientations_iPhone = "UIInterfaceOrientationPortrait UIInterfaceOrientationLandscapeLeft UIInterfaceOrientationLandscapeRight";
				LD_RUNPATH_SEARCH_PATHS = (
					"$(inherited)",
					"@executable_path/Frameworks",
				);
				MARKETING_VERSION = 1.0;
				PRODUCT_BUNDLE_IDENTIFIER = OsPensadores.StarTrack;
				PRODUCT_NAME = "$(TARGET_NAME)";
				SWIFT_EMIT_LOC_STRINGS = YES;
				SWIFT_VERSION = 5.0;
				TARGETED_DEVICE_FAMILY = "1,2";
			};
			name = Debug;
		};
		6621EBAC2DF7180500381752 /* Release */ = {
			isa = XCBuildConfiguration;
			buildSettings = {
				ALWAYS_EMBED_SWIFT_STANDARD_LIBRARIES = YES;
				ASSETCATALOG_COMPILER_APPICON_NAME = AppIcon;
				ASSETCATALOG_COMPILER_GLOBAL_ACCENT_COLOR_NAME = AccentColor;
				CODE_SIGN_STYLE = Automatic;
				CURRENT_PROJECT_VERSION = 1;
				DEVELOPMENT_ASSET_PATHS = "StarTrack/Preview Content";
				DEVELOPMENT_TEAM = 7N9YG996K2;
				ENABLE_PREVIEWS = YES;
				GENERATE_INFOPLIST_FILE = YES;
				INFOPLIST_FILE = StarTrack/Info.plist;
				INFOPLIST_KEY_NSLocationWhenInUseUsageDescription = "Precisamos da sua localização para mostrar observatórios próximos a você.";
				INFOPLIST_KEY_UIApplicationSceneManifest_Generation = YES;
				INFOPLIST_KEY_UIApplicationSupportsIndirectInputEvents = YES;
				INFOPLIST_KEY_UILaunchScreen_Generation = YES;
				INFOPLIST_KEY_UISupportedInterfaceOrientations_iPad = "UIInterfaceOrientationPortrait UIInterfaceOrientationPortraitUpsideDown UIInterfaceOrientationLandscapeLeft UIInterfaceOrientationLandscapeRight";
				INFOPLIST_KEY_UISupportedInterfaceOrientations_iPhone = "UIInterfaceOrientationPortrait UIInterfaceOrientationLandscapeLeft UIInterfaceOrientationLandscapeRight";
				LD_RUNPATH_SEARCH_PATHS = (
					"$(inherited)",
					"@executable_path/Frameworks",
				);
				MARKETING_VERSION = 1.0;
				PRODUCT_BUNDLE_IDENTIFIER = OsPensadores.StarTrack;
				PRODUCT_NAME = "$(TARGET_NAME)";
				SWIFT_EMIT_LOC_STRINGS = YES;
				SWIFT_VERSION = 5.0;
				TARGETED_DEVICE_FAMILY = "1,2";
			};
			name = Release;
		};
		6621EBAE2DF7180500381752 /* Debug */ = {
			isa = XCBuildConfiguration;
			buildSettings = {
				ALWAYS_EMBED_SWIFT_STANDARD_LIBRARIES = YES;
				BUNDLE_LOADER = "$(TEST_HOST)";
				CODE_SIGN_STYLE = Automatic;
				CURRENT_PROJECT_VERSION = 1;
				GENERATE_INFOPLIST_FILE = YES;
				IPHONEOS_DEPLOYMENT_TARGET = 15.2;
				MARKETING_VERSION = 1.0;
				PRODUCT_BUNDLE_IDENTIFIER = OsPensadores.StarTrackTests;
				PRODUCT_NAME = "$(TARGET_NAME)";
				SWIFT_EMIT_LOC_STRINGS = NO;
				SWIFT_VERSION = 5.0;
				TARGETED_DEVICE_FAMILY = "1,2";
				TEST_HOST = "$(BUILT_PRODUCTS_DIR)/StarTrack.app/StarTrack";
			};
			name = Debug;
		};
		6621EBAF2DF7180500381752 /* Release */ = {
			isa = XCBuildConfiguration;
			buildSettings = {
				ALWAYS_EMBED_SWIFT_STANDARD_LIBRARIES = YES;
				BUNDLE_LOADER = "$(TEST_HOST)";
				CODE_SIGN_STYLE = Automatic;
				CURRENT_PROJECT_VERSION = 1;
				GENERATE_INFOPLIST_FILE = YES;
				IPHONEOS_DEPLOYMENT_TARGET = 15.2;
				MARKETING_VERSION = 1.0;
				PRODUCT_BUNDLE_IDENTIFIER = OsPensadores.StarTrackTests;
				PRODUCT_NAME = "$(TARGET_NAME)";
				SWIFT_EMIT_LOC_STRINGS = NO;
				SWIFT_VERSION = 5.0;
				TARGETED_DEVICE_FAMILY = "1,2";
				TEST_HOST = "$(BUILT_PRODUCTS_DIR)/StarTrack.app/StarTrack";
			};
			name = Release;
		};
		6621EBB12DF7180500381752 /* Debug */ = {
			isa = XCBuildConfiguration;
			buildSettings = {
				ALWAYS_EMBED_SWIFT_STANDARD_LIBRARIES = YES;
				CODE_SIGN_STYLE = Automatic;
				CURRENT_PROJECT_VERSION = 1;
				GENERATE_INFOPLIST_FILE = YES;
				MARKETING_VERSION = 1.0;
				PRODUCT_BUNDLE_IDENTIFIER = OsPensadores.StarTrackUITests;
				PRODUCT_NAME = "$(TARGET_NAME)";
				SWIFT_EMIT_LOC_STRINGS = NO;
				SWIFT_VERSION = 5.0;
				TARGETED_DEVICE_FAMILY = "1,2";
				TEST_TARGET_NAME = StarTrack;
			};
			name = Debug;
		};
		6621EBB22DF7180500381752 /* Release */ = {
			isa = XCBuildConfiguration;
			buildSettings = {
				ALWAYS_EMBED_SWIFT_STANDARD_LIBRARIES = YES;
				CODE_SIGN_STYLE = Automatic;
				CURRENT_PROJECT_VERSION = 1;
				GENERATE_INFOPLIST_FILE = YES;
				MARKETING_VERSION = 1.0;
				PRODUCT_BUNDLE_IDENTIFIER = OsPensadores.StarTrackUITests;
				PRODUCT_NAME = "$(TARGET_NAME)";
				SWIFT_EMIT_LOC_STRINGS = NO;
				SWIFT_VERSION = 5.0;
				TARGETED_DEVICE_FAMILY = "1,2";
				TEST_TARGET_NAME = StarTrack;
			};
			name = Release;
		};
		E609CA712DFB031500A2A5E2 /* Debug */ = {
			isa = XCBuildConfiguration;
			buildSettings = {
				ASSETCATALOG_COMPILER_GLOBAL_ACCENT_COLOR_NAME = AccentColor;
				ASSETCATALOG_COMPILER_WIDGET_BACKGROUND_COLOR_NAME = WidgetBackground;
				CODE_SIGN_STYLE = Automatic;
				CURRENT_PROJECT_VERSION = 1;
				DEVELOPMENT_TEAM = 7N9YG996K2;
				GENERATE_INFOPLIST_FILE = YES;
				INFOPLIST_FILE = Widget/Info.plist;
				INFOPLIST_KEY_CFBundleDisplayName = Widget;
				INFOPLIST_KEY_NSHumanReadableCopyright = "";
				LD_RUNPATH_SEARCH_PATHS = (
					"$(inherited)",
					"@executable_path/Frameworks",
					"@executable_path/../../Frameworks",
				);
				MARKETING_VERSION = 1.0;
				PRODUCT_BUNDLE_IDENTIFIER = OsPensadores.StarTrack.Widget;
				PRODUCT_NAME = "$(TARGET_NAME)";
				SKIP_INSTALL = YES;
				SWIFT_EMIT_LOC_STRINGS = YES;
				SWIFT_VERSION = 5.0;
				TARGETED_DEVICE_FAMILY = "1,2";
			};
			name = Debug;
		};
		E609CA722DFB031500A2A5E2 /* Release */ = {
			isa = XCBuildConfiguration;
			buildSettings = {
				ASSETCATALOG_COMPILER_GLOBAL_ACCENT_COLOR_NAME = AccentColor;
				ASSETCATALOG_COMPILER_WIDGET_BACKGROUND_COLOR_NAME = WidgetBackground;
				CODE_SIGN_STYLE = Automatic;
				CURRENT_PROJECT_VERSION = 1;
				DEVELOPMENT_TEAM = 7N9YG996K2;
				GENERATE_INFOPLIST_FILE = YES;
				INFOPLIST_FILE = Widget/Info.plist;
				INFOPLIST_KEY_CFBundleDisplayName = Widget;
				INFOPLIST_KEY_NSHumanReadableCopyright = "";
				LD_RUNPATH_SEARCH_PATHS = (
					"$(inherited)",
					"@executable_path/Frameworks",
					"@executable_path/../../Frameworks",
				);
				MARKETING_VERSION = 1.0;
				PRODUCT_BUNDLE_IDENTIFIER = OsPensadores.StarTrack.Widget;
				PRODUCT_NAME = "$(TARGET_NAME)";
				SKIP_INSTALL = YES;
				SWIFT_EMIT_LOC_STRINGS = YES;
				SWIFT_VERSION = 5.0;
				TARGETED_DEVICE_FAMILY = "1,2";
			};
			name = Release;
		};
/* End XCBuildConfiguration section */

/* Begin XCConfigurationList section */
		6621EB812DF7180200381752 /* Build configuration list for PBXProject "StarTrack" */ = {
			isa = XCConfigurationList;
			buildConfigurations = (
				6621EBA82DF7180500381752 /* Debug */,
				6621EBA92DF7180500381752 /* Release */,
			);
			defaultConfigurationIsVisible = 0;
			defaultConfigurationName = Release;
		};
		6621EBAA2DF7180500381752 /* Build configuration list for PBXNativeTarget "StarTrack" */ = {
			isa = XCConfigurationList;
			buildConfigurations = (
				6621EBAB2DF7180500381752 /* Debug */,
				6621EBAC2DF7180500381752 /* Release */,
			);
			defaultConfigurationIsVisible = 0;
			defaultConfigurationName = Release;
		};
		6621EBAD2DF7180500381752 /* Build configuration list for PBXNativeTarget "StarTrackTests" */ = {
			isa = XCConfigurationList;
			buildConfigurations = (
				6621EBAE2DF7180500381752 /* Debug */,
				6621EBAF2DF7180500381752 /* Release */,
			);
			defaultConfigurationIsVisible = 0;
			defaultConfigurationName = Release;
		};
		6621EBB02DF7180500381752 /* Build configuration list for PBXNativeTarget "StarTrackUITests" */ = {
			isa = XCConfigurationList;
			buildConfigurations = (
				6621EBB12DF7180500381752 /* Debug */,
				6621EBB22DF7180500381752 /* Release */,
			);
			defaultConfigurationIsVisible = 0;
			defaultConfigurationName = Release;
		};
		E609CA702DFB031500A2A5E2 /* Build configuration list for PBXNativeTarget "WidgetExtension" */ = {
			isa = XCConfigurationList;
			buildConfigurations = (
				E609CA712DFB031500A2A5E2 /* Debug */,
				E609CA722DFB031500A2A5E2 /* Release */,
			);
			defaultConfigurationIsVisible = 0;
			defaultConfigurationName = Release;
		};
/* End XCConfigurationList section */

/* Begin XCVersionGroup section */
		E78787392E16A87A002B22BE /* StarTrack.xcdatamodeld */ = {
			isa = XCVersionGroup;
			children = (
				E787873A2E16A87A002B22BE /* StarTrack.xcdatamodel */,
			);
			currentVersion = E787873A2E16A87A002B22BE /* StarTrack.xcdatamodel */;
			path = StarTrack.xcdatamodeld;
			sourceTree = "<group>";
			versionGroupType = wrapper.xcdatamodel;
		};
/* End XCVersionGroup section */
	};
	rootObject = 6621EB7E2DF7180200381752 /* Project object */;
}
